
Microsoft Visual Studio Solution File, Format Version 12.00
# Visual Studio Version 17
VisualStudioVersion = 17.4.33403.182
MinimumVisualStudioVersion = 10.0.40219.1
Project("{FAE04EC0-301F-11D3-BF4B-00C04F79EFBC}") = "LibraryTestApp", "LibraryTestApp.csproj", "{BEB4B2D0-414C-4D7F-8C04-5AA7A687ACF4}"
EndProject
Global
	GlobalSection(SolutionConfigurationPlatforms) = preSolution
		Debug|Any CPU = Debug|Any CPU
		Release|Any CPU = Release|Any CPU
	EndGlobalSection
	GlobalSection(ProjectConfigurationPlatforms) = postSolution
		{BEB4B2D0-414C-4D7F-8C04-5AA7A687ACF4}.Debug|Any CPU.ActiveCfg = Debug|Any CPU
		{BEB4B2D0-414C-4D7F-8C04-5AA7A687ACF4}.Debug|Any CPU.Build.0 = Debug|Any CPU
		{BEB4B2D0-414C-4D7F-8C04-5AA7A687ACF4}.Release|Any CPU.ActiveCfg = Release|Any CPU
		{BEB4B2D0-414C-4D7F-8C04-5AA7A687ACF4}.Release|Any CPU.Build.0 = Release|Any CPU
	EndGlobalSection
	GlobalSection(SolutionProperties) = preSolution
		HideSolutionNode = FALSE
	EndGlobalSection
	GlobalSection(ExtensibilityGlobals) = postSolution
		SolutionGuid = {5BA34F3B-F182-4783-9B3A-6C175DE324CB}
	EndGlobalSection
EndGlobal
